
Microsoft Visual Studio Solution File, Format Version 12.00
# Visual Studio Version 17
VisualStudioVersion = 17.5.002.0
MinimumVisualStudioVersion = 10.0.40219.1
Project("{9A19103F-16F7-4668-BE54-9A1E7A4F7556}") = "program009-reverze-pole", "program009-reverze-pole.csproj", "{73C43407-B177-42A7-B4C0-10A969A2F58E}"
EndProject
Global
	GlobalSection(SolutionConfigurationPlatforms) = preSolution
		Debug|Any CPU = Debug|Any CPU
		Release|Any CPU = Release|Any CPU
	EndGlobalSection
	GlobalSection(ProjectConfigurationPlatforms) = postSolution
		{73C43407-B177-42A7-B4C0-10A969A2F58E}.Debug|Any CPU.ActiveCfg = Debug|Any CPU
		{73C43407-B177-42A7-B4C0-10A969A2F58E}.Debug|Any CPU.Build.0 = Debug|Any CPU
		{73C43407-B177-42A7-B4C0-10A969A2F58E}.Release|Any CPU.ActiveCfg = Release|Any CPU
		{73C43407-B177-42A7-B4C0-10A969A2F58E}.Release|Any CPU.Build.0 = Release|Any CPU
	EndGlobalSection
	GlobalSection(SolutionProperties) = preSolution
		HideSolutionNode = FALSE
	EndGlobalSection
	GlobalSection(ExtensibilityGlobals) = postSolution
		SolutionGuid = {F2B1023D-4F94-43BD-ABFA-7D8BC1BB6424}
	EndGlobalSection
EndGlobal
