
Microsoft Visual Studio Solution File, Format Version 12.00
# Visual Studio Version 17
VisualStudioVersion = 17.5.002.0
MinimumVisualStudioVersion = 10.0.40219.1
Project("{2150E333-8FDC-42A3-9474-1A3956D46DE8}") = "IS-Projekty", "IS-Projekty", "{63EFBA6C-2CD4-453C-A0C4-8B77691E4BCF}"
EndProject
Project("{9A19103F-16F7-4668-BE54-9A1E7A4F7556}") = "program001-vypis_rady", "IS-Projekty\program001-vypis_rady\program001-vypis_rady.csproj", "{F23355D8-83A9-458F-B53F-07567AD11983}"
EndProject
Global
	GlobalSection(SolutionConfigurationPlatforms) = preSolution
		Debug|Any CPU = Debug|Any CPU
		Release|Any CPU = Release|Any CPU
	EndGlobalSection
	GlobalSection(ProjectConfigurationPlatforms) = postSolution
		{F23355D8-83A9-458F-B53F-07567AD11983}.Debug|Any CPU.ActiveCfg = Debug|Any CPU
		{F23355D8-83A9-458F-B53F-07567AD11983}.Debug|Any CPU.Build.0 = Debug|Any CPU
		{F23355D8-83A9-458F-B53F-07567AD11983}.Release|Any CPU.ActiveCfg = Release|Any CPU
		{F23355D8-83A9-458F-B53F-07567AD11983}.Release|Any CPU.Build.0 = Release|Any CPU
	EndGlobalSection
	GlobalSection(SolutionProperties) = preSolution
		HideSolutionNode = FALSE
	EndGlobalSection
	GlobalSection(NestedProjects) = preSolution
		{F23355D8-83A9-458F-B53F-07567AD11983} = {63EFBA6C-2CD4-453C-A0C4-8B77691E4BCF}
	EndGlobalSection
	GlobalSection(ExtensibilityGlobals) = postSolution
		SolutionGuid = {91826B73-2E0F-4DCB-B87C-DA7057D71320}
	EndGlobalSection
EndGlobal
