
Microsoft Visual Studio Solution File, Format Version 12.00
# Visual Studio Version 17
VisualStudioVersion = 17.5.002.0
MinimumVisualStudioVersion = 10.0.40219.1
Project("{9A19103F-16F7-4668-BE54-9A1E7A4F7556}") = "program002b-soucet-cifer", "program002b-soucet-cifer.csproj", "{8A759601-53B2-4F54-8BF7-46A2AADC4FB5}"
EndProject
Global
	GlobalSection(SolutionConfigurationPlatforms) = preSolution
		Debug|Any CPU = Debug|Any CPU
		Release|Any CPU = Release|Any CPU
	EndGlobalSection
	GlobalSection(ProjectConfigurationPlatforms) = postSolution
		{8A759601-53B2-4F54-8BF7-46A2AADC4FB5}.Debug|Any CPU.ActiveCfg = Debug|Any CPU
		{8A759601-53B2-4F54-8BF7-46A2AADC4FB5}.Debug|Any CPU.Build.0 = Debug|Any CPU
		{8A759601-53B2-4F54-8BF7-46A2AADC4FB5}.Release|Any CPU.ActiveCfg = Release|Any CPU
		{8A759601-53B2-4F54-8BF7-46A2AADC4FB5}.Release|Any CPU.Build.0 = Release|Any CPU
	EndGlobalSection
	GlobalSection(SolutionProperties) = preSolution
		HideSolutionNode = FALSE
	EndGlobalSection
	GlobalSection(ExtensibilityGlobals) = postSolution
		SolutionGuid = {10613437-CC08-462C-9E02-BC365AA7C0BB}
	EndGlobalSection
EndGlobal
