
Microsoft Visual Studio Solution File, Format Version 12.00
# Visual Studio Version 17
VisualStudioVersion = 17.5.002.0
MinimumVisualStudioVersion = 10.0.40219.1
Project("{9A19103F-16F7-4668-BE54-9A1E7A4F7556}") = "program002c-soucet-cifer", "program002c-soucet-cifer.csproj", "{527D070D-8F2E-4625-B7E4-82CC5CACB314}"
EndProject
Global
	GlobalSection(SolutionConfigurationPlatforms) = preSolution
		Debug|Any CPU = Debug|Any CPU
		Release|Any CPU = Release|Any CPU
	EndGlobalSection
	GlobalSection(ProjectConfigurationPlatforms) = postSolution
		{527D070D-8F2E-4625-B7E4-82CC5CACB314}.Debug|Any CPU.ActiveCfg = Debug|Any CPU
		{527D070D-8F2E-4625-B7E4-82CC5CACB314}.Debug|Any CPU.Build.0 = Debug|Any CPU
		{527D070D-8F2E-4625-B7E4-82CC5CACB314}.Release|Any CPU.ActiveCfg = Release|Any CPU
		{527D070D-8F2E-4625-B7E4-82CC5CACB314}.Release|Any CPU.Build.0 = Release|Any CPU
	EndGlobalSection
	GlobalSection(SolutionProperties) = preSolution
		HideSolutionNode = FALSE
	EndGlobalSection
	GlobalSection(ExtensibilityGlobals) = postSolution
		SolutionGuid = {9E579143-1EC3-4E70-B67F-9A99C0E83279}
	EndGlobalSection
EndGlobal
