
Microsoft Visual Studio Solution File, Format Version 12.00
# Visual Studio Version 17
VisualStudioVersion = 17.5.002.0
MinimumVisualStudioVersion = 10.0.40219.1
Project("{9A19103F-16F7-4668-BE54-9A1E7A4F7556}") = "program001-vypis_rady", "program001-vypis_rady.csproj", "{B0F3AD4D-82FF-4E04-A99B-4FCFEDC0394D}"
EndProject
Global
	GlobalSection(SolutionConfigurationPlatforms) = preSolution
		Debug|Any CPU = Debug|Any CPU
		Release|Any CPU = Release|Any CPU
	EndGlobalSection
	GlobalSection(ProjectConfigurationPlatforms) = postSolution
		{B0F3AD4D-82FF-4E04-A99B-4FCFEDC0394D}.Debug|Any CPU.ActiveCfg = Debug|Any CPU
		{B0F3AD4D-82FF-4E04-A99B-4FCFEDC0394D}.Debug|Any CPU.Build.0 = Debug|Any CPU
		{B0F3AD4D-82FF-4E04-A99B-4FCFEDC0394D}.Release|Any CPU.ActiveCfg = Release|Any CPU
		{B0F3AD4D-82FF-4E04-A99B-4FCFEDC0394D}.Release|Any CPU.Build.0 = Release|Any CPU
	EndGlobalSection
	GlobalSection(SolutionProperties) = preSolution
		HideSolutionNode = FALSE
	EndGlobalSection
	GlobalSection(ExtensibilityGlobals) = postSolution
		SolutionGuid = {51A88734-8720-4FA6-B29F-61634D263C12}
	EndGlobalSection
EndGlobal
