Microsoft Visual Studio Solution File, Format Version 12.00
# Visual Studio Version 17
VisualStudioVersion = 17.5.2.0
MinimumVisualStudioVersion = 10.0.40219.1
Project("{FAE04EC0-301F-11D3-BF4B-00C04F79EFBC}") = "program016b-Fibonacci", "program016b-Fibonacci.csproj", "{8BE37113-9474-750D-0FE7-5FFA91117165}"
EndProject
Global
	GlobalSection(SolutionConfigurationPlatforms) = preSolution
		Debug|Any CPU = Debug|Any CPU
		Release|Any CPU = Release|Any CPU
	EndGlobalSection
	GlobalSection(ProjectConfigurationPlatforms) = postSolution
		{8BE37113-9474-750D-0FE7-5FFA91117165}.Debug|Any CPU.ActiveCfg = Debug|Any CPU
		{8BE37113-9474-750D-0FE7-5FFA91117165}.Debug|Any CPU.Build.0 = Debug|Any CPU
		{8BE37113-9474-750D-0FE7-5FFA91117165}.Release|Any CPU.ActiveCfg = Release|Any CPU
		{8BE37113-9474-750D-0FE7-5FFA91117165}.Release|Any CPU.Build.0 = Release|Any CPU
	EndGlobalSection
	GlobalSection(SolutionProperties) = preSolution
		HideSolutionNode = FALSE
	EndGlobalSection
	GlobalSection(ExtensibilityGlobals) = postSolution
		SolutionGuid = {325652A2-2A51-40ED-A05A-22BAEC71EF39}
	EndGlobalSection
EndGlobal
