Microsoft Visual Studio Solution File, Format Version 12.00
# Visual Studio Version 17
VisualStudioVersion = 17.5.2.0
MinimumVisualStudioVersion = 10.0.40219.1
Project("{FAE04EC0-301F-11D3-BF4B-00C04F79EFBC}") = "program017-2D-pole", "program017-2D-pole.csproj", "{AFE15513-8A21-8151-D054-A342857F6246}"
EndProject
Global
	GlobalSection(SolutionConfigurationPlatforms) = preSolution
		Debug|Any CPU = Debug|Any CPU
		Release|Any CPU = Release|Any CPU
	EndGlobalSection
	GlobalSection(ProjectConfigurationPlatforms) = postSolution
		{AFE15513-8A21-8151-D054-A342857F6246}.Debug|Any CPU.ActiveCfg = Debug|Any CPU
		{AFE15513-8A21-8151-D054-A342857F6246}.Debug|Any CPU.Build.0 = Debug|Any CPU
		{AFE15513-8A21-8151-D054-A342857F6246}.Release|Any CPU.ActiveCfg = Release|Any CPU
		{AFE15513-8A21-8151-D054-A342857F6246}.Release|Any CPU.Build.0 = Release|Any CPU
	EndGlobalSection
	GlobalSection(SolutionProperties) = preSolution
		HideSolutionNode = FALSE
	EndGlobalSection
	GlobalSection(ExtensibilityGlobals) = postSolution
		SolutionGuid = {BD87BA34-57CA-472B-B17B-6C67FB1410EB}
	EndGlobalSection
EndGlobal
