
Microsoft Visual Studio Solution File, Format Version 12.00
# Visual Studio Version 17
VisualStudioVersion = 17.5.002.0
MinimumVisualStudioVersion = 10.0.40219.1
Project("{9A19103F-16F7-4668-BE54-9A1E7A4F7556}") = "program009-array-reversing", "program009-array-reversing.csproj", "{748DF6CA-8E3C-4C2B-AE05-A733B3F36A3C}"
EndProject
Global
	GlobalSection(SolutionConfigurationPlatforms) = preSolution
		Debug|Any CPU = Debug|Any CPU
		Release|Any CPU = Release|Any CPU
	EndGlobalSection
	GlobalSection(ProjectConfigurationPlatforms) = postSolution
		{748DF6CA-8E3C-4C2B-AE05-A733B3F36A3C}.Debug|Any CPU.ActiveCfg = Debug|Any CPU
		{748DF6CA-8E3C-4C2B-AE05-A733B3F36A3C}.Debug|Any CPU.Build.0 = Debug|Any CPU
		{748DF6CA-8E3C-4C2B-AE05-A733B3F36A3C}.Release|Any CPU.ActiveCfg = Release|Any CPU
		{748DF6CA-8E3C-4C2B-AE05-A733B3F36A3C}.Release|Any CPU.Build.0 = Release|Any CPU
	EndGlobalSection
	GlobalSection(SolutionProperties) = preSolution
		HideSolutionNode = FALSE
	EndGlobalSection
	GlobalSection(ExtensibilityGlobals) = postSolution
		SolutionGuid = {1AC5D3C3-7ACC-466C-88AE-E457B62A9696}
	EndGlobalSection
EndGlobal
